lockfileVersion: '9.0'

settings:
  autoInstallPeers: true
  excludeLinksFromLockfile: false

importers:

  .:
    devDependencies:
      '@cloudflare/workers-types':
        specifier: ^4.20230518.0
        version: 4.20230518.0
      typescript:
        specifier: ^5.1.3
        version: 5.1.3

packages:

  '@cloudflare/workers-types@4.20230518.0':
    resolution: {integrity: sha512-A0w1V+5SUawGaaPRlhFhSC/SCDT9oQG8TMoWOKFLA4qbqagELqEAFD4KySBIkeVOvCBLT1DZSYBMCxbXddl0kw==}

  typescript@5.1.3:
    resolution: {integrity: sha512-XH627E9vkeqhlZFQuL+UsyAXEnibT0kWR2FWONlr4sTjvxyJYnyefgrkyECLzM5NenmKzRAy2rR/OlYLA1HkZw==}
    engines: {node: '>=14.17'}
    hasBin: true

snapshots:

  '@cloudflare/workers-types@4.20230518.0': {}

  typescript@5.1.3: {}
